
Microsoft Visual Studio Solution File, Format Version 12.00
# Visual Studio Version 17
VisualStudioVersion = 17.5.33516.290
MinimumVisualStudioVersion = 10.0.40219.1
Project("{9A19103F-16F7-4668-BE54-9A1E7A4F7556}") = "SibersProject.MainDomain", "SibersProject.MainDomain\SibersProject.MainDomain.csproj", "{DF8354F1-5BB1-444D-B592-AC25BD9C2540}"
EndProject
Project("{2150E333-8FDC-42A3-9474-1A3956D46DE8}") = "Data", "Data", "{82B0AECA-57D7-46F4-887A-D2B7B4CC3781}"
EndProject
Project("{2150E333-8FDC-42A3-9474-1A3956D46DE8}") = "Services", "Services", "{5D380CA0-586F-4B30-8E2B-52EB5B526298}"
EndProject
Project("{2150E333-8FDC-42A3-9474-1A3956D46DE8}") = "DataAL", "DataAL", "{5B4CC351-23DD-4995-B42C-11B09981A19E}"
EndProject
Project("{2150E333-8FDC-42A3-9474-1A3956D46DE8}") = "Domain", "Domain", "{5D384CAC-C372-44B4-A53D-A8E53861B51C}"
EndProject
Project("{9A19103F-16F7-4668-BE54-9A1E7A4F7556}") = "SibersProject.DataAL", "SibersProject.DataAL\SibersProject.DataAL.csproj", "{6136BB61-2F84-4410-AFE0-AD8D1C0A97C3}"
EndProject
Project("{2150E333-8FDC-42A3-9474-1A3956D46DE8}") = "Features", "Features", "{045BA149-5D10-4214-9310-019195AB9860}"
EndProject
Project("{2150E333-8FDC-42A3-9474-1A3956D46DE8}") = "Validation", "Validation", "{634A24AE-5C7C-44B9-8340-55478A2FAAD9}"
EndProject
Project("{9A19103F-16F7-4668-BE54-9A1E7A4F7556}") = "SibersProject.Validator", "SibersProject.Validator\SibersProject.Validator.csproj", "{21EC7A17-5A59-4BDA-A42E-8C09476B8D6F}"
EndProject
Project("{9A19103F-16F7-4668-BE54-9A1E7A4F7556}") = "SibersProject.Services", "SibersProject.Services\SibersProject.Services.csproj", "{F8AB2C4A-F7DA-47A8-9279-90366DA2B07E}"
EndProject
Project("{2150E333-8FDC-42A3-9474-1A3956D46DE8}") = "WebApi", "WebApi", "{A434A229-A8E9-4A2B-B0B8-92A5F361C26C}"
EndProject
Project("{2150E333-8FDC-42A3-9474-1A3956D46DE8}") = "API", "API", "{EDB3274B-56BD-4BF0-9020-1C3E117FDF18}"
EndProject
Project("{2150E333-8FDC-42A3-9474-1A3956D46DE8}") = "Models", "Models", "{B9042F40-77F3-4EC3-8785-4194BC535377}"
EndProject
Project("{9A19103F-16F7-4668-BE54-9A1E7A4F7556}") = "SibersProject.ApiModels", "SibersProject.ApiModels\SibersProject.ApiModels.csproj", "{F0D06F96-0E65-4139-9851-97ABF4CE8B37}"
EndProject
Project("{2150E333-8FDC-42A3-9474-1A3956D46DE8}") = "Tests", "Tests", "{FEB6C458-4221-4A1F-8AB6-58D389B01AE1}"
EndProject
Project("{9A19103F-16F7-4668-BE54-9A1E7A4F7556}") = "SibersProject.MainApi", "SibersProject.MainApi\SibersProject.MainApi.csproj", "{DA370D56-653E-4541-AFA3-811DF1B73FD1}"
EndProject
Project("{9A19103F-16F7-4668-BE54-9A1E7A4F7556}") = "SibersProject.Tests", "SibersProject.Tests\SibersProject.Tests.csproj", "{00D51FBA-ABAE-45E1-BA1A-75017C8F0E42}"
EndProject
Project("{2150E333-8FDC-42A3-9474-1A3956D46DE8}") = "UI", "UI", "{D1F85A91-DA1C-4C78-95D8-7C36E9C61B5D}"
EndProject
Project("{54A90642-561A-4BB1-A94E-469ADEE60C69}") = "SibersProject.MainUI", "SibersProject.MainUI\SibersProject.MainUI.esproj", "{04985941-7BA9-43A5-BFC2-2D0E0EEEE580}"
EndProject
Project("{FAE04EC0-301F-11D3-BF4B-00C04F79EFBC}") = "asdf.Server", "asdf\asdf.Server\asdf.Server.csproj", "{4E1E0C34-0081-48E4-BA4A-577BB0578A0F}"
EndProject
Project("{54A90642-561A-4BB1-A94E-469ADEE60C69}") = "asdf.client", "asdf\asdf.client\asdf.client.esproj", "{A83AF448-08ED-4872-8851-9CA989D5CAA0}"
EndProject
Global
	GlobalSection(SolutionConfigurationPlatforms) = preSolution
		Debug|Any CPU = Debug|Any CPU
		Release|Any CPU = Release|Any CPU
	EndGlobalSection
	GlobalSection(ProjectConfigurationPlatforms) = postSolution
		{DF8354F1-5BB1-444D-B592-AC25BD9C2540}.Debug|Any CPU.ActiveCfg = Debug|Any CPU
		{DF8354F1-5BB1-444D-B592-AC25BD9C2540}.Debug|Any CPU.Build.0 = Debug|Any CPU
		{DF8354F1-5BB1-444D-B592-AC25BD9C2540}.Release|Any CPU.ActiveCfg = Release|Any CPU
		{DF8354F1-5BB1-444D-B592-AC25BD9C2540}.Release|Any CPU.Build.0 = Release|Any CPU
		{6136BB61-2F84-4410-AFE0-AD8D1C0A97C3}.Debug|Any CPU.ActiveCfg = Debug|Any CPU
		{6136BB61-2F84-4410-AFE0-AD8D1C0A97C3}.Debug|Any CPU.Build.0 = Debug|Any CPU
		{6136BB61-2F84-4410-AFE0-AD8D1C0A97C3}.Release|Any CPU.ActiveCfg = Release|Any CPU
		{6136BB61-2F84-4410-AFE0-AD8D1C0A97C3}.Release|Any CPU.Build.0 = Release|Any CPU
		{21EC7A17-5A59-4BDA-A42E-8C09476B8D6F}.Debug|Any CPU.ActiveCfg = Debug|Any CPU
		{21EC7A17-5A59-4BDA-A42E-8C09476B8D6F}.Debug|Any CPU.Build.0 = Debug|Any CPU
		{21EC7A17-5A59-4BDA-A42E-8C09476B8D6F}.Release|Any CPU.ActiveCfg = Release|Any CPU
		{21EC7A17-5A59-4BDA-A42E-8C09476B8D6F}.Release|Any CPU.Build.0 = Release|Any CPU
		{F8AB2C4A-F7DA-47A8-9279-90366DA2B07E}.Debug|Any CPU.ActiveCfg = Debug|Any CPU
		{F8AB2C4A-F7DA-47A8-9279-90366DA2B07E}.Debug|Any CPU.Build.0 = Debug|Any CPU
		{F8AB2C4A-F7DA-47A8-9279-90366DA2B07E}.Release|Any CPU.ActiveCfg = Release|Any CPU
		{F8AB2C4A-F7DA-47A8-9279-90366DA2B07E}.Release|Any CPU.Build.0 = Release|Any CPU
		{F0D06F96-0E65-4139-9851-97ABF4CE8B37}.Debug|Any CPU.ActiveCfg = Debug|Any CPU
		{F0D06F96-0E65-4139-9851-97ABF4CE8B37}.Debug|Any CPU.Build.0 = Debug|Any CPU
		{F0D06F96-0E65-4139-9851-97ABF4CE8B37}.Release|Any CPU.ActiveCfg = Release|Any CPU
		{F0D06F96-0E65-4139-9851-97ABF4CE8B37}.Release|Any CPU.Build.0 = Release|Any CPU
		{DA370D56-653E-4541-AFA3-811DF1B73FD1}.Debug|Any CPU.ActiveCfg = Debug|Any CPU
		{DA370D56-653E-4541-AFA3-811DF1B73FD1}.Debug|Any CPU.Build.0 = Debug|Any CPU
		{DA370D56-653E-4541-AFA3-811DF1B73FD1}.Release|Any CPU.ActiveCfg = Release|Any CPU
		{DA370D56-653E-4541-AFA3-811DF1B73FD1}.Release|Any CPU.Build.0 = Release|Any CPU
		{00D51FBA-ABAE-45E1-BA1A-75017C8F0E42}.Debug|Any CPU.ActiveCfg = Debug|Any CPU
		{00D51FBA-ABAE-45E1-BA1A-75017C8F0E42}.Debug|Any CPU.Build.0 = Debug|Any CPU
		{00D51FBA-ABAE-45E1-BA1A-75017C8F0E42}.Release|Any CPU.ActiveCfg = Release|Any CPU
		{00D51FBA-ABAE-45E1-BA1A-75017C8F0E42}.Release|Any CPU.Build.0 = Release|Any CPU
		{04985941-7BA9-43A5-BFC2-2D0E0EEEE580}.Debug|Any CPU.ActiveCfg = Debug|Any CPU
		{04985941-7BA9-43A5-BFC2-2D0E0EEEE580}.Debug|Any CPU.Build.0 = Debug|Any CPU
		{04985941-7BA9-43A5-BFC2-2D0E0EEEE580}.Debug|Any CPU.Deploy.0 = Debug|Any CPU
		{04985941-7BA9-43A5-BFC2-2D0E0EEEE580}.Release|Any CPU.ActiveCfg = Release|Any CPU
		{04985941-7BA9-43A5-BFC2-2D0E0EEEE580}.Release|Any CPU.Build.0 = Release|Any CPU
		{04985941-7BA9-43A5-BFC2-2D0E0EEEE580}.Release|Any CPU.Deploy.0 = Release|Any CPU
		{4E1E0C34-0081-48E4-BA4A-577BB0578A0F}.Debug|Any CPU.ActiveCfg = Debug|Any CPU
		{4E1E0C34-0081-48E4-BA4A-577BB0578A0F}.Debug|Any CPU.Build.0 = Debug|Any CPU
		{4E1E0C34-0081-48E4-BA4A-577BB0578A0F}.Release|Any CPU.ActiveCfg = Release|Any CPU
		{4E1E0C34-0081-48E4-BA4A-577BB0578A0F}.Release|Any CPU.Build.0 = Release|Any CPU
		{A83AF448-08ED-4872-8851-9CA989D5CAA0}.Debug|Any CPU.ActiveCfg = Debug|Any CPU
		{A83AF448-08ED-4872-8851-9CA989D5CAA0}.Debug|Any CPU.Build.0 = Debug|Any CPU
		{A83AF448-08ED-4872-8851-9CA989D5CAA0}.Debug|Any CPU.Deploy.0 = Debug|Any CPU
		{A83AF448-08ED-4872-8851-9CA989D5CAA0}.Release|Any CPU.ActiveCfg = Release|Any CPU
		{A83AF448-08ED-4872-8851-9CA989D5CAA0}.Release|Any CPU.Build.0 = Release|Any CPU
		{A83AF448-08ED-4872-8851-9CA989D5CAA0}.Release|Any CPU.Deploy.0 = Release|Any CPU
	EndGlobalSection
	GlobalSection(SolutionProperties) = preSolution
		HideSolutionNode = FALSE
	EndGlobalSection
	GlobalSection(NestedProjects) = preSolution
		{DF8354F1-5BB1-444D-B592-AC25BD9C2540} = {5D384CAC-C372-44B4-A53D-A8E53861B51C}
		{5D380CA0-586F-4B30-8E2B-52EB5B526298} = {82B0AECA-57D7-46F4-887A-D2B7B4CC3781}
		{5B4CC351-23DD-4995-B42C-11B09981A19E} = {82B0AECA-57D7-46F4-887A-D2B7B4CC3781}
		{5D384CAC-C372-44B4-A53D-A8E53861B51C} = {82B0AECA-57D7-46F4-887A-D2B7B4CC3781}
		{6136BB61-2F84-4410-AFE0-AD8D1C0A97C3} = {5B4CC351-23DD-4995-B42C-11B09981A19E}
		{634A24AE-5C7C-44B9-8340-55478A2FAAD9} = {045BA149-5D10-4214-9310-019195AB9860}
		{21EC7A17-5A59-4BDA-A42E-8C09476B8D6F} = {634A24AE-5C7C-44B9-8340-55478A2FAAD9}
		{F8AB2C4A-F7DA-47A8-9279-90366DA2B07E} = {5D380CA0-586F-4B30-8E2B-52EB5B526298}
		{EDB3274B-56BD-4BF0-9020-1C3E117FDF18} = {A434A229-A8E9-4A2B-B0B8-92A5F361C26C}
		{B9042F40-77F3-4EC3-8785-4194BC535377} = {A434A229-A8E9-4A2B-B0B8-92A5F361C26C}
		{F0D06F96-0E65-4139-9851-97ABF4CE8B37} = {B9042F40-77F3-4EC3-8785-4194BC535377}
		{DA370D56-653E-4541-AFA3-811DF1B73FD1} = {EDB3274B-56BD-4BF0-9020-1C3E117FDF18}
		{00D51FBA-ABAE-45E1-BA1A-75017C8F0E42} = {FEB6C458-4221-4A1F-8AB6-58D389B01AE1}
		{D1F85A91-DA1C-4C78-95D8-7C36E9C61B5D} = {A434A229-A8E9-4A2B-B0B8-92A5F361C26C}
		{04985941-7BA9-43A5-BFC2-2D0E0EEEE580} = {D1F85A91-DA1C-4C78-95D8-7C36E9C61B5D}
	EndGlobalSection
	GlobalSection(ExtensibilityGlobals) = postSolution
		SolutionGuid = {DF9E72CA-2D0B-4099-8CA4-0A47F874C1CB}
	EndGlobalSection
EndGlobal
